// !$*UTF8*$!
{
	archiveVersion = 1;
	classes = {
	};
	objectVersion = 46;
	objects = {

/* Begin PBXBuildFile section */
		847A40B01C19659D00B9D51D /* main.m in Sources */ = {isa = PBXBuildFile; fileRef = 847A40AF1C19659D00B9D51D /* main.m */; };
		847A40B31C19659D00B9D51D /* AppDelegate.m in Sources */ = {isa = PBXBuildFile; fileRef = 847A40B21C19659D00B9D51D /* AppDelegate.m */; };
		847A40B61C19659D00B9D51D /* ViewController.m in Sources */ = {isa = PBXBuildFile; fileRef = 847A40B51C19659D00B9D51D /* ViewController.m */; };
		847A40B91C19659D00B9D51D /* Main.storyboard in Resources */ = {isa = PBXBuildFile; fileRef = 847A40B71C19659D00B9D51D /* Main.storyboard */; };
		847A40BB1C19659D00B9D51D /* Assets.xcassets in Resources */ = {isa = PBXBuildFile; fileRef = 847A40BA1C19659D00B9D51D /* Assets.xcassets */; };
		847A40BE1C19659D00B9D51D /* LaunchScreen.storyboard in Resources */ = {isa = PBXBuildFile; fileRef = 847A40BC1C19659D00B9D51D /* LaunchScreen.storyboard */; };
		847A40C91C19659D00B9D51D /* DatabaseAppTests.m in Sources */ = {isa = PBXBuildFile; fileRef = 847A40C81C19659D00B9D51D /* DatabaseAppTests.m */; };
/* End PBXBuildFile section */

/* Begin PBXContainerItemProxy section */
		847A40C51C19659D00B9D51D /* PBXContainerItemProxy */ = {
			isa = PBXContainerItemProxy;
			containerPortal = 847A40A31C19659D00B9D51D /* Project object */;
			proxyType = 1;
			remoteGlobalIDString = 847A40AA1C19659D00B9D51D;
			remoteInfo = DatabaseApp;
		};
/* End PBXContainerItemProxy section */

/* Begin PBXFileReference section */
		847A40AB1C19659D00B9D51D /* DatabaseApp.app */ = {isa = PBXFileReference; explicitFileType = wrapper.application; includeInIndex = 0; path = DatabaseApp.app; sourceTree = BUILT_PRODUCTS_DIR; };
		847A40AF1C19659D00B9D51D /* main.m */ = {isa = PBXFileReference; lastKnownFileType = sourcecode.c.objc; path = main.m; sourceTree = "<group>"; };
		847A40B11C19659D00B9D51D /* AppDelegate.h */ = {isa = PBXFileReference; lastKnownFileType = sourcecode.c.h; path = AppDelegate.h; sourceTree = "<group>"; };
		847A40B21C19659D00B9D51D /* AppDelegate.m */ = {isa = PBXFileReference; lastKnownFileType = sourcecode.c.objc; path = AppDelegate.m; sourceTree = "<group>"; };
		847A40B41C19659D00B9D51D /* ViewController.h */ = {isa = PBXFileReference; lastKnownFileType = sourcecode.c.h; path = ViewController.h; sourceTree = "<group>"; };
		847A40B51C19659D00B9D51D /* ViewController.m */ = {isa = PBXFileReference; lastKnownFileType = sourcecode.c.objc; path = ViewController.m; sourceTree = "<group>"; };
		847A40B81C19659D00B9D51D /* Base */ = {isa = PBXFileReference; lastKnownFileType = file.storyboard; name = Base; path = Base.lproj/Main.storyboard; sourceTree = "<group>"; };
		847A40BA1C19659D00B9D51D /* Assets.xcassets */ = {isa = PBXFileReference; lastKnownFileType = folder.assetcatalog; path = Assets.xcassets; sourceTree = "<group>"; };
		847A40BD1C19659D00B9D51D /* Base */ = {isa = PBXFileReference; lastKnownFileType = file.storyboard; name = Base; path = Base.lproj/LaunchScreen.storyboard; sourceTree = "<group>"; };
		847A40BF1C19659D00B9D51D /* Info.plist */ = {isa = PBXFileReference; lastKnownFileType = text.plist.xml; path = Info.plist; sourceTree = "<group>"; };
		847A40C41C19659D00B9D51D /* DatabaseAppTests.xctest */ = {isa = PBXFileReference; explicitFileType = wrapper.cfbundle; includeInIndex = 0; path = DatabaseAppTests.xctest; sourceTree = BUILT_PRODUCTS_DIR; };
		847A40C81C19659D00B9D51D /* DatabaseAppTests.m */ = {isa = PBXFileReference; lastKnownFileType = sourcecode.c.objc; path = DatabaseAppTests.m; sourceTree = "<group>"; };
		847A40CA1C19659D00B9D51D /* Info.plist */ = {isa = PBXFileReference; lastKnownFileType = text.plist.xml; path = Info.plist; sourceTree = "<group>"; };
/* End PBXFileReference section */

/* Begin PBXFrameworksBuildPhase section */
		847A40A81C19659D00B9D51D /* Frameworks */ = {
			isa = PBXFrameworksBuildPhase;
			buildActionMask = 2147483647;
			files = (
			);
			runOnlyForDeploymentPostprocessing = 0;
		};
		847A40C11C19659D00B9D51D /* Frameworks */ = {
			isa = PBXFrameworksBuildPhase;
			buildActionMask = 2147483647;
			files = (
			);
			runOnlyForDeploymentPostprocessing = 0;
		};
/* End PBXFrameworksBuildPhase section */

/* Begin PBXGroup section */
		847A40A21C19659D00B9D51D = {
			isa = PBXGroup;
			children = (
				847A40AD1C19659D00B9D51D /* DatabaseApp */,
				847A40C71C19659D00B9D51D /* DatabaseAppTests */,
				847A40AC1C19659D00B9D51D /* Products */,
			);
			sourceTree = "<group>";
		};
		847A40AC1C19659D00B9D51D /* Products */ = {
			isa = PBXGroup;
			children = (
				847A40AB1C19659D00B9D51D /* DatabaseApp.app */,
				847A40C41C19659D00B9D51D /* DatabaseAppTests.xctest */,
			);
			name = Products;
			sourceTree = "<group>";
		};
		847A40AD1C19659D00B9D51D /* DatabaseApp */ = {
			isa = PBXGroup;
			children = (
				847A40B11C19659D00B9D51D /* AppDelegate.h */,
				847A40B21C19659D00B9D51D /* AppDelegate.m */,
				847A40B41C19659D00B9D51D /* ViewController.h */,
				847A40B51C19659D00B9D51D /* ViewController.m */,
				847A40B71C19659D00B9D51D /* Main.storyboard */,
				847A40BA1C19659D00B9D51D /* Assets.xcassets */,
				847A40BC1C19659D00B9D51D /* LaunchScreen.storyboard */,
				847A40BF1C19659D00B9D51D /* Info.plist */,
				847A40AE1C19659D00B9D51D /* Supporting Files */,
			);
			path = DatabaseApp;
			sourceTree = "<group>";
		};
		847A40AE1C19659D00B9D51D /* Supporting Files */ = {
			isa = PBXGroup;
			children = (
				847A40AF1C19659D00B9D51D /* main.m */,
			);
			name = "Supporting Files";
			sourceTree = "<group>";
		};
		847A40C71C19659D00B9D51D /* DatabaseAppTests */ = {
			isa = PBXGroup;
			children = (
				847A40C81C19659D00B9D51D /* DatabaseAppTests.m */,
				847A40CA1C19659D00B9D51D /* Info.plist */,
			);
			path = DatabaseAppTests;
			sourceTree = "<group>";
		};
/* End PBXGroup section */

/* Begin PBXNativeTarget section */
		847A40AA1C19659D00B9D51D /* DatabaseApp */ = {
			isa = PBXNativeTarget;
			buildConfigurationList = 847A40CD1C19659D00B9D51D /* Build configuration list for PBXNativeTarget "DatabaseApp" */;
			buildPhases = (
				847A40A71C19659D00B9D51D /* Sources */,
				847A40A81C19659D00B9D51D /* Frameworks */,
				847A40A91C19659D00B9D51D /* Resources */,
			);
			buildRules = (
			);
			dependencies = (
			);
			name = DatabaseApp;
			productName = DatabaseApp;
			productReference = 847A40AB1C19659D00B9D51D /* DatabaseApp.app */;
			productType = "com.apple.product-type.application";
		};
		847A40C31C19659D00B9D51D /* DatabaseAppTests */ = {
			isa = PBXNativeTarget;
			buildConfigurationList = 847A40D01C19659D00B9D51D /* Build configuration list for PBXNativeTarget "DatabaseAppTests" */;
			buildPhases = (
				847A40C01C19659D00B9D51D /* Sources */,
				847A40C11C19659D00B9D51D /* Frameworks */,
				847A40C21C19659D00B9D51D /* Resources */,
			);
			buildRules = (
			);
			dependencies = (
				847A40C61C19659D00B9D51D /* PBXTargetDependency */,
			);
			name = DatabaseAppTests;
			productName = DatabaseAppTests;
			productReference = 847A40C41C19659D00B9D51D /* DatabaseAppTests.xctest */;
			productType = "com.apple.product-type.bundle.unit-test";
		};
/* End PBXNativeTarget section */

/* Begin PBXProject section */
		847A40A31C19659D00B9D51D /* Project object */ = {
			isa = PBXProject;
			attributes = {
				LastUpgradeCheck = 0720;
				ORGANIZATIONNAME = "Keqiu Hu";
				TargetAttributes = {
					847A40AA1C19659D00B9D51D = {
						CreatedOnToolsVersion = 7.2;
					};
					847A40C31C19659D00B9D51D = {
						CreatedOnToolsVersion = 7.2;
						TestTargetID = 847A40AA1C19659D00B9D51D;
					};
				};
			};
			buildConfigurationList = 847A40A61C19659D00B9D51D /* Build configuration list for PBXProject "DatabaseApp" */;
			compatibilityVersion = "Xcode 3.2";
			developmentRegion = English;
			hasScannedForEncodings = 0;
			knownRegions = (
				en,
				Base,
			);
			mainGroup = 847A40A21C19659D00B9D51D;
			productRefGroup = 847A40AC1C19659D00B9D51D /* Products */;
			projectDirPath = "";
			projectRoot = "";
			targets = (
				847A40AA1C19659D00B9D51D /* DatabaseApp */,
				847A40C31C19659D00B9D51D /* DatabaseAppTests */,
			);
		};
/* End PBXProject section */

/* Begin PBXResourcesBuildPhase section */
		847A40A91C19659D00B9D51D /* Resources */ = {
			isa = PBXResourcesBuildPhase;
			buildActionMask = 2147483647;
			files = (
				847A40BE1C19659D00B9D51D /* LaunchScreen.storyboard in Resources */,
				847A40BB1C19659D00B9D51D /* Assets.xcassets in Resources */,
				847A40B91C19659D00B9D51D /* Main.storyboard in Resources */,
			);
			runOnlyForDeploymentPostprocessing = 0;
		};
		847A40C21C19659D00B9D51D /* Resources */ = {
			isa = PBXResourcesBuildPhase;
			buildActionMask = 2147483647;
			files = (
			);
			runOnlyForDeploymentPostprocessing = 0;
		};
/* End PBXResourcesBuildPhase section */

/* Begin PBXSourcesBuildPhase section */
		847A40A71C19659D00B9D51D /* Sources */ = {
			isa = PBXSourcesBuildPhase;
			buildActionMask = 2147483647;
			files = (
				847A40B61C19659D00B9D51D /* ViewController.m in Sources */,
				847A40B31C19659D00B9D51D /* AppDelegate.m in Sources */,
				847A40B01C19659D00B9D51D /* main.m in Sources */,
			);
			runOnlyForDeploymentPostprocessing = 0;
		};
		847A40C01C19659D00B9D51D /* Sources */ = {
			isa = PBXSourcesBuildPhase;
			buildActionMask = 2147483647;
			files = (
				847A40C91C19659D00B9D51D /* DatabaseAppTests.m in Sources */,
			);
			runOnlyForDeploymentPostprocessing = 0;
		};
/* End PBXSourcesBuildPhase section */

/* Begin PBXTargetDependency section */
		847A40C61C19659D00B9D51D /* PBXTargetDependency */ = {
			isa = PBXTargetDependency;
			target = 847A40AA1C19659D00B9D51D /* DatabaseApp */;
			targetProxy = 847A40C51C19659D00B9D51D /* PBXContainerItemProxy */;
		};
/* End PBXTargetDependency section */

/* Begin PBXVariantGroup section */
		847A40B71C19659D00B9D51D /* Main.storyboard */ = {
			isa = PBXVariantGroup;
			children = (
				847A40B81C19659D00B9D51D /* Base */,
			);
			name = Main.storyboard;
			sourceTree = "<group>";
		};
		847A40BC1C19659D00B9D51D /* LaunchScreen.storyboard */ = {
			isa = PBXVariantGroup;
			children = (
				847A40BD1C19659D00B9D51D /* Base */,
			);
			name = LaunchScreen.storyboard;
			sourceTree = "<group>";
		};
/* End PBXVariantGroup section */

/* Begin XCBuildConfiguration section */
		847A40CB1C19659D00B9D51D /* Debug */ = {
			isa = XCBuildConfiguration;
			buildSettings = {
				ALWAYS_SEARCH_USER_PATHS = NO;
				CLANG_CXX_LANGUAGE_STANDARD = "gnu++0x";
				CLANG_CXX_LIBRARY = "libc++";
				CLANG_ENABLE_MODULES = YES;
				CLANG_ENABLE_OBJC_ARC = YES;
				CLANG_WARN_BOOL_CONVERSION = YES;
				CLANG_WARN_CONSTANT_CONVERSION = YES;
				CLANG_WARN_DIRECT_OBJC_ISA_USAGE = YES_ERROR;
				CLANG_WARN_EMPTY_BODY = YES;
				CLANG_WARN_ENUM_CONVERSION = YES;
				CLANG_WARN_INT_CONVERSION = YES;
				CLANG_WARN_OBJC_ROOT_CLASS = YES_ERROR;
				CLANG_WARN_UNREACHABLE_CODE = YES;
				CLANG_WARN__DUPLICATE_METHOD_MATCH = YES;
				"CODE_SIGN_IDENTITY[sdk=iphoneos*]" = "iPhone Developer";
				COPY_PHASE_STRIP = NO;
				DEBUG_INFORMATION_FORMAT = dwarf;
				ENABLE_STRICT_OBJC_MSGSEND = YES;
				ENABLE_TESTABILITY = YES;
				GCC_C_LANGUAGE_STANDARD = gnu99;
				GCC_DYNAMIC_NO_PIC = NO;
				GCC_NO_COMMON_BLOCKS = YES;
				GCC_OPTIMIZATION_LEVEL = 0;
				GCC_PREPROCESSOR_DEFINITIONS = (
					"DEBUG=1",
					"$(inherited)",
				);
				GCC_WARN_64_TO_32_BIT_CONVERSION = YES;
				GCC_WARN_ABOUT_RETURN_TYPE = YES_ERROR;
				GCC_WARN_UNDECLARED_SELECTOR = YES;
				GCC_WARN_UNINITIALIZED_AUTOS = YES_AGGRESSIVE;
				GCC_WARN_UNUSED_FUNCTION = YES;
				GCC_WARN_UNUSED_VARIABLE = YES;
				IPHONEOS_DEPLOYMENT_TARGET = 9.2;
				MTL_ENABLE_DEBUG_INFO = YES;
				ONLY_ACTIVE_ARCH = YES;
				SDKROOT = iphoneos;
				TARGETED_DEVICE_FAMILY = "1,2";
			};
			name = Debug;
		};
		847A40CC1C19659D00B9D51D /* Release */ = {
			isa = XCBuildConfiguration;
			buildSettings = {
				ALWAYS_SEARCH_USER_PATHS = NO;
				CLANG_CXX_LANGUAGE_STANDARD = "gnu++0x";
				CLANG_CXX_LIBRARY = "libc++";
				CLANG_ENABLE_MODULES = YES;
				CLANG_ENABLE_OBJC_ARC = YES;
				CLANG_WARN_BOOL_CONVERSION = YES;
				CLANG_WARN_CONSTANT_CONVERSION = YES;
				CLANG_WARN_DIRECT_OBJC_ISA_USAGE = YES_ERROR;
				CLANG_WARN_EMPTY_BODY = YES;
				CLANG_WARN_ENUM_CONVERSION = YES;
				CLANG_WARN_INT_CONVERSION = YES;
				CLANG_WARN_OBJC_ROOT_CLASS = YES_ERROR;
				CLANG_WARN_UNREACHABLE_CODE = YES;
				CLANG_WARN__DUPLICATE_METHOD_MATCH = YES;
				"CODE_SIGN_IDENTITY[sdk=iphoneos*]" = "iPhone Developer";
				COPY_PHASE_STRIP = NO;
				DEBUG_INFORMATION_FORMAT = "dwarf-with-dsym";
				ENABLE_NS_ASSERTIONS = NO;
				ENABLE_STRICT_OBJC_MSGSEND = YES;
				GCC_C_LANGUAGE_STANDARD = gnu99;
				GCC_NO_COMMON_BLOCKS = YES;
				GCC_WARN_64_TO_32_BIT_CONVERSION = YES;
				GCC_WARN_ABOUT_RETURN_TYPE = YES_ERROR;
				GCC_WARN_UNDECLARED_SELECTOR = YES;
				GCC_WARN_UNINITIALIZED_AUTOS = YES_AGGRESSIVE;
				GCC_WARN_UNUSED_FUNCTION = YES;
				GCC_WARN_UNUSED_VARIABLE = YES;
				IPHONEOS_DEPLOYMENT_TARGET = 9.2;
				MTL_ENABLE_DEBUG_INFO = NO;
				SDKROOT = iphoneos;
				TARGETED_DEVICE_FAMILY = "1,2";
				VALIDATE_PRODUCT = YES;
			};
			name = Release;
		};
		847A40CE1C19659D00B9D51D /* Debug */ = {
			isa = XCBuildConfiguration;
			buildSettings = {
				ASSETCATALOG_COMPILER_APPICON_NAME = AppIcon;
				INFOPLIST_FILE = DatabaseApp/Info.plist;
				LD_RUNPATH_SEARCH_PATHS = "$(inherited) @executable_path/Frameworks";
				PRODUCT_BUNDLE_IDENTIFIER = OliverHu.DatabaseApp;
				PRODUCT_NAME = "$(TARGET_NAME)";
			};
			name = Debug;
		};
		847A40CF1C19659D00B9D51D /* Release */ = {
			isa = XCBuildConfiguration;
			buildSettings = {
				ASSETCATALOG_COMPILER_APPICON_NAME = AppIcon;
				INFOPLIST_FILE = DatabaseApp/Info.plist;
				LD_RUNPATH_SEARCH_PATHS = "$(inherited) @executable_path/Frameworks";
				PRODUCT_BUNDLE_IDENTIFIER = OliverHu.DatabaseApp;
				PRODUCT_NAME = "$(TARGET_NAME)";
			};
			name = Release;
		};
		847A40D11C19659D00B9D51D /* Debug */ = {
			isa = XCBuildConfiguration;
			buildSettings = {
				BUNDLE_LOADER = "$(TEST_HOST)";
				INFOPLIST_FILE = DatabaseAppTests/Info.plist;
				LD_RUNPATH_SEARCH_PATHS = "$(inherited) @executable_path/Frameworks @loader_path/Frameworks";
				PRODUCT_BUNDLE_IDENTIFIER = OliverHu.DatabaseAppTests;
				PRODUCT_NAME = "$(TARGET_NAME)";
				TEST_HOST = "$(BUILT_PRODUCTS_DIR)/DatabaseApp.app/DatabaseApp";
			};
			name = Debug;
		};
		847A40D21C19659D00B9D51D /* Release */ = {
			isa = XCBuildConfiguration;
			buildSettings = {
				BUNDLE_LOADER = "$(TEST_HOST)";
				INFOPLIST_FILE = DatabaseAppTests/Info.plist;
				LD_RUNPATH_SEARCH_PATHS = "$(inherited) @executable_path/Frameworks @loader_path/Frameworks";
				PRODUCT_BUNDLE_IDENTIFIER = OliverHu.DatabaseAppTests;
				PRODUCT_NAME = "$(TARGET_NAME)";
				TEST_HOST = "$(BUILT_PRODUCTS_DIR)/DatabaseApp.app/DatabaseApp";
			};
			name = Release;
		};
/* End XCBuildConfiguration section */

/* Begin XCConfigurationList section */
		847A40A61C19659D00B9D51D /* Build configuration list for PBXProject "DatabaseApp" */ = {
			isa = XCConfigurationList;
			buildConfigurations = (
				847A40CB1C19659D00B9D51D /* Debug */,
				847A40CC1C19659D00B9D51D /* Release */,
			);
			defaultConfigurationIsVisible = 0;
			defaultConfigurationName = Release;
		};
		847A40CD1C19659D00B9D51D /* Build configuration list for PBXNativeTarget "DatabaseApp" */ = {
			isa = XCConfigurationList;
			buildConfigurations = (
				847A40CE1C19659D00B9D51D /* Debug */,
				847A40CF1C19659D00B9D51D /* Release */,
			);
			defaultConfigurationIsVisible = 0;
		};
		847A40D01C19659D00B9D51D /* Build configuration list for PBXNativeTarget "DatabaseAppTests" */ = {
			isa = XCConfigurationList;
			buildConfigurations = (
				847A40D11C19659D00B9D51D /* Debug */,
				847A40D21C19659D00B9D51D /* Release */,
			);
			defaultConfigurationIsVisible = 0;
		};
/* End XCConfigurationList section */
	};
	rootObject = 847A40A31C19659D00B9D51D /* Project object */;
}
